
Microsoft Visual Studio Solution File, Format Version 12.00
# Visual Studio Version 16
VisualStudioVersion = 16.0.31613.86
MinimumVisualStudioVersion = 10.0.40219.1
Project("{FAE04EC0-301F-11D3-BF4B-00C04F79EFBC}") = "EjercicioFecha", "EjercicioFecha\EjercicioFecha.csproj", "{B7B3DAFF-BDC8-41EF-B355-4A6D10C2450B}"
EndProject
Global
	GlobalSection(SolutionConfigurationPlatforms) = preSolution
		Debug|Any CPU = Debug|Any CPU
		Release|Any CPU = Release|Any CPU
	EndGlobalSection
	GlobalSection(ProjectConfigurationPlatforms) = postSolution
		{B7B3DAFF-BDC8-41EF-B355-4A6D10C2450B}.Debug|Any CPU.ActiveCfg = Debug|Any CPU
		{B7B3DAFF-BDC8-41EF-B355-4A6D10C2450B}.Debug|Any CPU.Build.0 = Debug|Any CPU
		{B7B3DAFF-BDC8-41EF-B355-4A6D10C2450B}.Release|Any CPU.ActiveCfg = Release|Any CPU
		{B7B3DAFF-BDC8-41EF-B355-4A6D10C2450B}.Release|Any CPU.Build.0 = Release|Any CPU
	EndGlobalSection
	GlobalSection(SolutionProperties) = preSolution
		HideSolutionNode = FALSE
	EndGlobalSection
	GlobalSection(ExtensibilityGlobals) = postSolution
		SolutionGuid = {228EF6F8-96FF-49AD-82CD-C76ED43D44C7}
	EndGlobalSection
EndGlobal
